// !$*UTF8*$!
{
	archiveVersion = 1;
	classes = {
	};
	objectVersion = 46;
	objects = {

/* Begin PBXBuildFile section */
		3C59BED2191535D900F9186D /* CommunityKit in Resources */ = {isa = PBXBuildFile; fileRef = 3C59BED1191535D900F9186D /* CommunityKit */; };
		3C8D2FB019128D7000FC31CA /* Foundation.framework in Frameworks */ = {isa = PBXBuildFile; fileRef = 3C8D2FAF19128D7000FC31CA /* Foundation.framework */; };
		3C8D2FB219128D7000FC31CA /* CoreGraphics.framework in Frameworks */ = {isa = PBXBuildFile; fileRef = 3C8D2FB119128D7000FC31CA /* CoreGraphics.framework */; };
		3C8D2FB419128D7000FC31CA /* UIKit.framework in Frameworks */ = {isa = PBXBuildFile; fileRef = 3C8D2FB319128D7000FC31CA /* UIKit.framework */; };
		3C8D2FBA19128D7100FC31CA /* InfoPlist.strings in Resources */ = {isa = PBXBuildFile; fileRef = 3C8D2FB819128D7100FC31CA /* InfoPlist.strings */; };
		3C8D2FBC19128D7100FC31CA /* main.m in Sources */ = {isa = PBXBuildFile; fileRef = 3C8D2FBB19128D7100FC31CA /* main.m */; };
		3C8D2FC019128D7100FC31CA /* AppDelegate.m in Sources */ = {isa = PBXBuildFile; fileRef = 3C8D2FBF19128D7100FC31CA /* AppDelegate.m */; };
		3C8D2FC319128D7100FC31CA /* Main.storyboard in Resources */ = {isa = PBXBuildFile; fileRef = 3C8D2FC119128D7100FC31CA /* Main.storyboard */; };
		3C8D2FC619128D7100FC31CA /* ViewController.m in Sources */ = {isa = PBXBuildFile; fileRef = 3C8D2FC519128D7100FC31CA /* ViewController.m */; };
		3C8D2FC819128D7100FC31CA /* Images.xcassets in Resources */ = {isa = PBXBuildFile; fileRef = 3C8D2FC719128D7100FC31CA /* Images.xcassets */; };
		3C8D2FCF19128D7100FC31CA /* XCTest.framework in Frameworks */ = {isa = PBXBuildFile; fileRef = 3C8D2FCE19128D7100FC31CA /* XCTest.framework */; };
		3C8D2FD019128D7100FC31CA /* Foundation.framework in Frameworks */ = {isa = PBXBuildFile; fileRef = 3C8D2FAF19128D7000FC31CA /* Foundation.framework */; };
		3C8D2FD119128D7100FC31CA /* UIKit.framework in Frameworks */ = {isa = PBXBuildFile; fileRef = 3C8D2FB319128D7000FC31CA /* UIKit.framework */; };
		3C8D2FD919128D7100FC31CA /* InfoPlist.strings in Resources */ = {isa = PBXBuildFile; fileRef = 3C8D2FD719128D7100FC31CA /* InfoPlist.strings */; };
		3C8D2FDB19128D7100FC31CA /* WebViewTests.m in Sources */ = {isa = PBXBuildFile; fileRef = 3C8D2FDA19128D7100FC31CA /* WebViewTests.m */; };
/* End PBXBuildFile section */

/* Begin PBXContainerItemProxy section */
		3C8D2FD219128D7100FC31CA /* PBXContainerItemProxy */ = {
			isa = PBXContainerItemProxy;
			containerPortal = 3C8D2FA419128D7000FC31CA /* Project object */;
			proxyType = 1;
			remoteGlobalIDString = 3C8D2FAB19128D7000FC31CA;
			remoteInfo = WebView;
		};
/* End PBXContainerItemProxy section */

/* Begin PBXFileReference section */
		3C59BED1191535D900F9186D /* CommunityKit */ = {isa = PBXFileReference; lastKnownFileType = folder; name = CommunityKit; path = "../../AZ-Brilinta-Patient-Ed-HTML/brilinta_source/tablet/CommunityKit"; sourceTree = "<group>"; };
		3C8D2FAC19128D7000FC31CA /* WebView.app */ = {isa = PBXFileReference; explicitFileType = wrapper.application; includeInIndex = 0; path = WebView.app; sourceTree = BUILT_PRODUCTS_DIR; };
		3C8D2FAF19128D7000FC31CA /* Foundation.framework */ = {isa = PBXFileReference; lastKnownFileType = wrapper.framework; name = Foundation.framework; path = System/Library/Frameworks/Foundation.framework; sourceTree = SDKROOT; };
		3C8D2FB119128D7000FC31CA /* CoreGraphics.framework */ = {isa = PBXFileReference; lastKnownFileType = wrapper.framework; name = CoreGraphics.framework; path = System/Library/Frameworks/CoreGraphics.framework; sourceTree = SDKROOT; };
		3C8D2FB319128D7000FC31CA /* UIKit.framework */ = {isa = PBXFileReference; lastKnownFileType = wrapper.framework; name = UIKit.framework; path = System/Library/Frameworks/UIKit.framework; sourceTree = SDKROOT; };
		3C8D2FB719128D7100FC31CA /* WebView-Info.plist */ = {isa = PBXFileReference; lastKnownFileType = text.plist.xml; path = "WebView-Info.plist"; sourceTree = "<group>"; };
		3C8D2FB919128D7100FC31CA /* en */ = {isa = PBXFileReference; lastKnownFileType = text.plist.strings; name = en; path = en.lproj/InfoPlist.strings; sourceTree = "<group>"; };
		3C8D2FBB19128D7100FC31CA /* main.m */ = {isa = PBXFileReference; lastKnownFileType = sourcecode.c.objc; path = main.m; sourceTree = "<group>"; };
		3C8D2FBD19128D7100FC31CA /* WebView-Prefix.pch */ = {isa = PBXFileReference; lastKnownFileType = sourcecode.c.h; path = "WebView-Prefix.pch"; sourceTree = "<group>"; };
		3C8D2FBE19128D7100FC31CA /* AppDelegate.h */ = {isa = PBXFileReference; lastKnownFileType = sourcecode.c.h; path = AppDelegate.h; sourceTree = "<group>"; };
		3C8D2FBF19128D7100FC31CA /* AppDelegate.m */ = {isa = PBXFileReference; lastKnownFileType = sourcecode.c.objc; path = AppDelegate.m; sourceTree = "<group>"; };
		3C8D2FC219128D7100FC31CA /* Base */ = {isa = PBXFileReference; lastKnownFileType = file.storyboard; name = Base; path = Base.lproj/Main.storyboard; sourceTree = "<group>"; };
		3C8D2FC419128D7100FC31CA /* ViewController.h */ = {isa = PBXFileReference; lastKnownFileType = sourcecode.c.h; path = ViewController.h; sourceTree = "<group>"; };
		3C8D2FC519128D7100FC31CA /* ViewController.m */ = {isa = PBXFileReference; lastKnownFileType = sourcecode.c.objc; path = ViewController.m; sourceTree = "<group>"; };
		3C8D2FC719128D7100FC31CA /* Images.xcassets */ = {isa = PBXFileReference; lastKnownFileType = folder.assetcatalog; path = Images.xcassets; sourceTree = "<group>"; };
		3C8D2FCD19128D7100FC31CA /* WebViewTests.xctest */ = {isa = PBXFileReference; explicitFileType = wrapper.cfbundle; includeInIndex = 0; path = WebViewTests.xctest; sourceTree = BUILT_PRODUCTS_DIR; };
		3C8D2FCE19128D7100FC31CA /* XCTest.framework */ = {isa = PBXFileReference; lastKnownFileType = wrapper.framework; name = XCTest.framework; path = Library/Frameworks/XCTest.framework; sourceTree = DEVELOPER_DIR; };
		3C8D2FD619128D7100FC31CA /* WebViewTests-Info.plist */ = {isa = PBXFileReference; lastKnownFileType = text.plist.xml; path = "WebViewTests-Info.plist"; sourceTree = "<group>"; };
		3C8D2FD819128D7100FC31CA /* en */ = {isa = PBXFileReference; lastKnownFileType = text.plist.strings; name = en; path = en.lproj/InfoPlist.strings; sourceTree = "<group>"; };
		3C8D2FDA19128D7100FC31CA /* WebViewTests.m */ = {isa = PBXFileReference; lastKnownFileType = sourcecode.c.objc; path = WebViewTests.m; sourceTree = "<group>"; };
/* End PBXFileReference section */

/* Begin PBXFrameworksBuildPhase section */
		3C8D2FA919128D7000FC31CA /* Frameworks */ = {
			isa = PBXFrameworksBuildPhase;
			buildActionMask = 2147483647;
			files = (
				3C8D2FB219128D7000FC31CA /* CoreGraphics.framework in Frameworks */,
				3C8D2FB419128D7000FC31CA /* UIKit.framework in Frameworks */,
				3C8D2FB019128D7000FC31CA /* Foundation.framework in Frameworks */,
			);
			runOnlyForDeploymentPostprocessing = 0;
		};
		3C8D2FCA19128D7100FC31CA /* Frameworks */ = {
			isa = PBXFrameworksBuildPhase;
			buildActionMask = 2147483647;
			files = (
				3C8D2FCF19128D7100FC31CA /* XCTest.framework in Frameworks */,
				3C8D2FD119128D7100FC31CA /* UIKit.framework in Frameworks */,
				3C8D2FD019128D7100FC31CA /* Foundation.framework in Frameworks */,
			);
			runOnlyForDeploymentPostprocessing = 0;
		};
/* End PBXFrameworksBuildPhase section */

/* Begin PBXGroup section */
		3C8D2FA319128D7000FC31CA = {
			isa = PBXGroup;
			children = (
				3C8D2FB519128D7100FC31CA /* WebView */,
				3C8D2FD419128D7100FC31CA /* WebViewTests */,
				3C8D2FAE19128D7000FC31CA /* Frameworks */,
				3C8D2FAD19128D7000FC31CA /* Products */,
			);
			sourceTree = "<group>";
		};
		3C8D2FAD19128D7000FC31CA /* Products */ = {
			isa = PBXGroup;
			children = (
				3C8D2FAC19128D7000FC31CA /* WebView.app */,
				3C8D2FCD19128D7100FC31CA /* WebViewTests.xctest */,
			);
			name = Products;
			sourceTree = "<group>";
		};
		3C8D2FAE19128D7000FC31CA /* Frameworks */ = {
			isa = PBXGroup;
			children = (
				3C8D2FAF19128D7000FC31CA /* Foundation.framework */,
				3C8D2FB119128D7000FC31CA /* CoreGraphics.framework */,
				3C8D2FB319128D7000FC31CA /* UIKit.framework */,
				3C8D2FCE19128D7100FC31CA /* XCTest.framework */,
			);
			name = Frameworks;
			sourceTree = "<group>";
		};
		3C8D2FB519128D7100FC31CA /* WebView */ = {
			isa = PBXGroup;
			children = (
				3C59BED1191535D900F9186D /* CommunityKit */,
				3C8D2FBE19128D7100FC31CA /* AppDelegate.h */,
				3C8D2FBF19128D7100FC31CA /* AppDelegate.m */,
				3C8D2FC119128D7100FC31CA /* Main.storyboard */,
				3C8D2FC419128D7100FC31CA /* ViewController.h */,
				3C8D2FC519128D7100FC31CA /* ViewController.m */,
				3C8D2FC719128D7100FC31CA /* Images.xcassets */,
				3C8D2FB619128D7100FC31CA /* Supporting Files */,
			);
			path = WebView;
			sourceTree = "<group>";
		};
		3C8D2FB619128D7100FC31CA /* Supporting Files */ = {
			isa = PBXGroup;
			children = (
				3C8D2FB719128D7100FC31CA /* WebView-Info.plist */,
				3C8D2FB819128D7100FC31CA /* InfoPlist.strings */,
				3C8D2FBB19128D7100FC31CA /* main.m */,
				3C8D2FBD19128D7100FC31CA /* WebView-Prefix.pch */,
			);
			name = "Supporting Files";
			sourceTree = "<group>";
		};
		3C8D2FD419128D7100FC31CA /* WebViewTests */ = {
			isa = PBXGroup;
			children = (
				3C8D2FDA19128D7100FC31CA /* WebViewTests.m */,
				3C8D2FD519128D7100FC31CA /* Supporting Files */,
			);
			path = WebViewTests;
			sourceTree = "<group>";
		};
		3C8D2FD519128D7100FC31CA /* Supporting Files */ = {
			isa = PBXGroup;
			children = (
				3C8D2FD619128D7100FC31CA /* WebViewTests-Info.plist */,
				3C8D2FD719128D7100FC31CA /* InfoPlist.strings */,
			);
			name = "Supporting Files";
			sourceTree = "<group>";
		};
/* End PBXGroup section */

/* Begin PBXNativeTarget section */
		3C8D2FAB19128D7000FC31CA /* WebView */ = {
			isa = PBXNativeTarget;
			buildConfigurationList = 3C8D2FDE19128D7100FC31CA /* Build configuration list for PBXNativeTarget "WebView" */;
			buildPhases = (
				3C8D2FA819128D7000FC31CA /* Sources */,
				3C8D2FA919128D7000FC31CA /* Frameworks */,
				3C8D2FAA19128D7000FC31CA /* Resources */,
			);
			buildRules = (
			);
			dependencies = (
			);
			name = WebView;
			productName = WebView;
			productReference = 3C8D2FAC19128D7000FC31CA /* WebView.app */;
			productType = "com.apple.product-type.application";
		};
		3C8D2FCC19128D7100FC31CA /* WebViewTests */ = {
			isa = PBXNativeTarget;
			buildConfigurationList = 3C8D2FE119128D7100FC31CA /* Build configuration list for PBXNativeTarget "WebViewTests" */;
			buildPhases = (
				3C8D2FC919128D7100FC31CA /* Sources */,
				3C8D2FCA19128D7100FC31CA /* Frameworks */,
				3C8D2FCB19128D7100FC31CA /* Resources */,
			);
			buildRules = (
			);
			dependencies = (
				3C8D2FD319128D7100FC31CA /* PBXTargetDependency */,
			);
			name = WebViewTests;
			productName = WebViewTests;
			productReference = 3C8D2FCD19128D7100FC31CA /* WebViewTests.xctest */;
			productType = "com.apple.product-type.bundle.unit-test";
		};
/* End PBXNativeTarget section */

/* Begin PBXProject section */
		3C8D2FA419128D7000FC31CA /* Project object */ = {
			isa = PBXProject;
			attributes = {
				LastUpgradeCheck = 0500;
				ORGANIZATIONNAME = "Sean Shields";
				TargetAttributes = {
					3C8D2FAB19128D7000FC31CA = {
						DevelopmentTeam = B97SF3DZCF;
					};
					3C8D2FCC19128D7100FC31CA = {
						TestTargetID = 3C8D2FAB19128D7000FC31CA;
					};
				};
			};
			buildConfigurationList = 3C8D2FA719128D7000FC31CA /* Build configuration list for PBXProject "WebView" */;
			compatibilityVersion = "Xcode 3.2";
			developmentRegion = English;
			hasScannedForEncodings = 0;
			knownRegions = (
				en,
				Base,
			);
			mainGroup = 3C8D2FA319128D7000FC31CA;
			productRefGroup = 3C8D2FAD19128D7000FC31CA /* Products */;
			projectDirPath = "";
			projectRoot = "";
			targets = (
				3C8D2FAB19128D7000FC31CA /* WebView */,
				3C8D2FCC19128D7100FC31CA /* WebViewTests */,
			);
		};
/* End PBXProject section */

/* Begin PBXResourcesBuildPhase section */
		3C8D2FAA19128D7000FC31CA /* Resources */ = {
			isa = PBXResourcesBuildPhase;
			buildActionMask = 2147483647;
			files = (
				3C8D2FC819128D7100FC31CA /* Images.xcassets in Resources */,
				3C59BED2191535D900F9186D /* CommunityKit in Resources */,
				3C8D2FBA19128D7100FC31CA /* InfoPlist.strings in Resources */,
				3C8D2FC319128D7100FC31CA /* Main.storyboard in Resources */,
			);
			runOnlyForDeploymentPostprocessing = 0;
		};
		3C8D2FCB19128D7100FC31CA /* Resources */ = {
			isa = PBXResourcesBuildPhase;
			buildActionMask = 2147483647;
			files = (
				3C8D2FD919128D7100FC31CA /* InfoPlist.strings in Resources */,
			);
			runOnlyForDeploymentPostprocessing = 0;
		};
/* End PBXResourcesBuildPhase section */

/* Begin PBXSourcesBuildPhase section */
		3C8D2FA819128D7000FC31CA /* Sources */ = {
			isa = PBXSourcesBuildPhase;
			buildActionMask = 2147483647;
			files = (
				3C8D2FC619128D7100FC31CA /* ViewController.m in Sources */,
				3C8D2FC019128D7100FC31CA /* AppDelegate.m in Sources */,
				3C8D2FBC19128D7100FC31CA /* main.m in Sources */,
			);
			runOnlyForDeploymentPostprocessing = 0;
		};
		3C8D2FC919128D7100FC31CA /* Sources */ = {
			isa = PBXSourcesBuildPhase;
			buildActionMask = 2147483647;
			files = (
				3C8D2FDB19128D7100FC31CA /* WebViewTests.m in Sources */,
			);
			runOnlyForDeploymentPostprocessing = 0;
		};
/* End PBXSourcesBuildPhase section */

/* Begin PBXTargetDependency section */
		3C8D2FD319128D7100FC31CA /* PBXTargetDependency */ = {
			isa = PBXTargetDependency;
			target = 3C8D2FAB19128D7000FC31CA /* WebView */;
			targetProxy = 3C8D2FD219128D7100FC31CA /* PBXContainerItemProxy */;
		};
/* End PBXTargetDependency section */

/* Begin PBXVariantGroup section */
		3C8D2FB819128D7100FC31CA /* InfoPlist.strings */ = {
			isa = PBXVariantGroup;
			children = (
				3C8D2FB919128D7100FC31CA /* en */,
			);
			name = InfoPlist.strings;
			sourceTree = "<group>";
		};
		3C8D2FC119128D7100FC31CA /* Main.storyboard */ = {
			isa = PBXVariantGroup;
			children = (
				3C8D2FC219128D7100FC31CA /* Base */,
			);
			name = Main.storyboard;
			sourceTree = "<group>";
		};
		3C8D2FD719128D7100FC31CA /* InfoPlist.strings */ = {
			isa = PBXVariantGroup;
			children = (
				3C8D2FD819128D7100FC31CA /* en */,
			);
			name = InfoPlist.strings;
			sourceTree = "<group>";
		};
/* End PBXVariantGroup section */

/* Begin XCBuildConfiguration section */
		3C8D2FDC19128D7100FC31CA /* Debug */ = {
			isa = XCBuildConfiguration;
			buildSettings = {
				ALWAYS_SEARCH_USER_PATHS = NO;
				ARCHS = "$(ARCHS_STANDARD_INCLUDING_64_BIT)";
				CLANG_CXX_LANGUAGE_STANDARD = "gnu++0x";
				CLANG_CXX_LIBRARY = "libc++";
				CLANG_ENABLE_MODULES = YES;
				CLANG_ENABLE_OBJC_ARC = YES;
				CLANG_WARN_BOOL_CONVERSION = YES;
				CLANG_WARN_CONSTANT_CONVERSION = YES;
				CLANG_WARN_DIRECT_OBJC_ISA_USAGE = YES_ERROR;
				CLANG_WARN_EMPTY_BODY = YES;
				CLANG_WARN_ENUM_CONVERSION = YES;
				CLANG_WARN_INT_CONVERSION = YES;
				CLANG_WARN_OBJC_ROOT_CLASS = YES_ERROR;
				CLANG_WARN__DUPLICATE_METHOD_MATCH = YES;
				"CODE_SIGN_IDENTITY[sdk=iphoneos*]" = "iPhone Developer";
				COPY_PHASE_STRIP = NO;
				GCC_C_LANGUAGE_STANDARD = gnu99;
				GCC_DYNAMIC_NO_PIC = NO;
				GCC_OPTIMIZATION_LEVEL = 0;
				GCC_PREPROCESSOR_DEFINITIONS = (
					"DEBUG=1",
					"$(inherited)",
				);
				GCC_SYMBOLS_PRIVATE_EXTERN = NO;
				GCC_WARN_64_TO_32_BIT_CONVERSION = YES;
				GCC_WARN_ABOUT_RETURN_TYPE = YES_ERROR;
				GCC_WARN_UNDECLARED_SELECTOR = YES;
				GCC_WARN_UNINITIALIZED_AUTOS = YES;
				GCC_WARN_UNUSED_FUNCTION = YES;
				GCC_WARN_UNUSED_VARIABLE = YES;
				IPHONEOS_DEPLOYMENT_TARGET = 7.0;
				ONLY_ACTIVE_ARCH = YES;
				SDKROOT = iphoneos;
				TARGETED_DEVICE_FAMILY = 2;
			};
			name = Debug;
		};
		3C8D2FDD19128D7100FC31CA /* Release */ = {
			isa = XCBuildConfiguration;
			buildSettings = {
				ALWAYS_SEARCH_USER_PATHS = NO;
				ARCHS = "$(ARCHS_STANDARD_INCLUDING_64_BIT)";
				CLANG_CXX_LANGUAGE_STANDARD = "gnu++0x";
				CLANG_CXX_LIBRARY = "libc++";
				CLANG_ENABLE_MODULES = YES;
				CLANG_ENABLE_OBJC_ARC = YES;
				CLANG_WARN_BOOL_CONVERSION = YES;
				CLANG_WARN_CONSTANT_CONVERSION = YES;
				CLANG_WARN_DIRECT_OBJC_ISA_USAGE = YES_ERROR;
				CLANG_WARN_EMPTY_BODY = YES;
				CLANG_WARN_ENUM_CONVERSION = YES;
				CLANG_WARN_INT_CONVERSION = YES;
				CLANG_WARN_OBJC_ROOT_CLASS = YES_ERROR;
				CLANG_WARN__DUPLICATE_METHOD_MATCH = YES;
				"CODE_SIGN_IDENTITY[sdk=iphoneos*]" = "iPhone Developer";
				COPY_PHASE_STRIP = YES;
				ENABLE_NS_ASSERTIONS = NO;
				GCC_C_LANGUAGE_STANDARD = gnu99;
				GCC_WARN_64_TO_32_BIT_CONVERSION = YES;
				GCC_WARN_ABOUT_RETURN_TYPE = YES_ERROR;
				GCC_WARN_UNDECLARED_SELECTOR = YES;
				GCC_WARN_UNINITIALIZED_AUTOS = YES;
				GCC_WARN_UNUSED_FUNCTION = YES;
				GCC_WARN_UNUSED_VARIABLE = YES;
				IPHONEOS_DEPLOYMENT_TARGET = 7.0;
				SDKROOT = iphoneos;
				TARGETED_DEVICE_FAMILY = 2;
				VALIDATE_PRODUCT = YES;
			};
			name = Release;
		};
		3C8D2FDF19128D7100FC31CA /* Debug */ = {
			isa = XCBuildConfiguration;
			buildSettings = {
				ASSETCATALOG_COMPILER_APPICON_NAME = AppIcon;
				ASSETCATALOG_COMPILER_LAUNCHIMAGE_NAME = LaunchImage;
				CODE_SIGN_IDENTITY = "iPhone Developer";
				GCC_PRECOMPILE_PREFIX_HEADER = YES;
				GCC_PREFIX_HEADER = "WebView/WebView-Prefix.pch";
				INFOPLIST_FILE = "WebView/WebView-Info.plist";
				PRODUCT_NAME = "$(TARGET_NAME)";
				WRAPPER_EXTENSION = app;
			};
			name = Debug;
		};
		3C8D2FE019128D7100FC31CA /* Release */ = {
			isa = XCBuildConfiguration;
			buildSettings = {
				ASSETCATALOG_COMPILER_APPICON_NAME = AppIcon;
				ASSETCATALOG_COMPILER_LAUNCHIMAGE_NAME = LaunchImage;
				CODE_SIGN_IDENTITY = "iPhone Developer";
				GCC_PRECOMPILE_PREFIX_HEADER = YES;
				GCC_PREFIX_HEADER = "WebView/WebView-Prefix.pch";
				INFOPLIST_FILE = "WebView/WebView-Info.plist";
				PRODUCT_NAME = "$(TARGET_NAME)";
				WRAPPER_EXTENSION = app;
			};
			name = Release;
		};
		3C8D2FE219128D7100FC31CA /* Debug */ = {
			isa = XCBuildConfiguration;
			buildSettings = {
				ARCHS = "$(ARCHS_STANDARD_INCLUDING_64_BIT)";
				BUNDLE_LOADER = "$(BUILT_PRODUCTS_DIR)/WebView.app/WebView";
				FRAMEWORK_SEARCH_PATHS = (
					"$(SDKROOT)/Developer/Library/Frameworks",
					"$(inherited)",
					"$(DEVELOPER_FRAMEWORKS_DIR)",
				);
				GCC_PRECOMPILE_PREFIX_HEADER = YES;
				GCC_PREFIX_HEADER = "WebView/WebView-Prefix.pch";
				GCC_PREPROCESSOR_DEFINITIONS = (
					"DEBUG=1",
					"$(inherited)",
				);
				INFOPLIST_FILE = "WebViewTests/WebViewTests-Info.plist";
				PRODUCT_NAME = "$(TARGET_NAME)";
				TEST_HOST = "$(BUNDLE_LOADER)";
				WRAPPER_EXTENSION = xctest;
			};
			name = Debug;
		};
		3C8D2FE319128D7100FC31CA /* Release */ = {
			isa = XCBuildConfiguration;
			buildSettings = {
				ARCHS = "$(ARCHS_STANDARD_INCLUDING_64_BIT)";
				BUNDLE_LOADER = "$(BUILT_PRODUCTS_DIR)/WebView.app/WebView";
				FRAMEWORK_SEARCH_PATHS = (
					"$(SDKROOT)/Developer/Library/Frameworks",
					"$(inherited)",
					"$(DEVELOPER_FRAMEWORKS_DIR)",
				);
				GCC_PRECOMPILE_PREFIX_HEADER = YES;
				GCC_PREFIX_HEADER = "WebView/WebView-Prefix.pch";
				INFOPLIST_FILE = "WebViewTests/WebViewTests-Info.plist";
				PRODUCT_NAME = "$(TARGET_NAME)";
				TEST_HOST = "$(BUNDLE_LOADER)";
				WRAPPER_EXTENSION = xctest;
			};
			name = Release;
		};
/* End XCBuildConfiguration section */

/* Begin XCConfigurationList section */
		3C8D2FA719128D7000FC31CA /* Build configuration list for PBXProject "WebView" */ = {
			isa = XCConfigurationList;
			buildConfigurations = (
				3C8D2FDC19128D7100FC31CA /* Debug */,
				3C8D2FDD19128D7100FC31CA /* Release */,
			);
			defaultConfigurationIsVisible = 0;
			defaultConfigurationName = Release;
		};
		3C8D2FDE19128D7100FC31CA /* Build configuration list for PBXNativeTarget "WebView" */ = {
			isa = XCConfigurationList;
			buildConfigurations = (
				3C8D2FDF19128D7100FC31CA /* Debug */,
				3C8D2FE019128D7100FC31CA /* Release */,
			);
			defaultConfigurationIsVisible = 0;
			defaultConfigurationName = Release;
		};
		3C8D2FE119128D7100FC31CA /* Build configuration list for PBXNativeTarget "WebViewTests" */ = {
			isa = XCConfigurationList;
			buildConfigurations = (
				3C8D2FE219128D7100FC31CA /* Debug */,
				3C8D2FE319128D7100FC31CA /* Release */,
			);
			defaultConfigurationIsVisible = 0;
			defaultConfigurationName = Release;
		};
/* End XCConfigurationList section */
	};
	rootObject = 3C8D2FA419128D7000FC31CA /* Project object */;
}
